// !$*UTF8*$!
{
	archiveVersion = 1;
	classes = {
	};
	objectVersion = 50;
	objects = {

/* Begin PBXBuildFile section */
		9CD1B1A1234A7725003A4953 /* AppDelegate.swift in Sources */ = {isa = PBXBuildFile; fileRef = 9CD1B1A0234A7725003A4953 /* AppDelegate.swift */; };
		9CD1B1A3234A7725003A4953 /* SceneDelegate.swift in Sources */ = {isa = PBXBuildFile; fileRef = 9CD1B1A2234A7725003A4953 /* SceneDelegate.swift */; };
		9CD1B1A5234A7725003A4953 /* ViewController.swift in Sources */ = {isa = PBXBuildFile; fileRef = 9CD1B1A4234A7725003A4953 /* ViewController.swift */; };
		9CD1B1A8234A7725003A4953 /* Main.storyboard in Resources */ = {isa = PBXBuildFile; fileRef = 9CD1B1A6234A7725003A4953 /* Main.storyboard */; };
		9CD1B1AA234A7727003A4953 /* Assets.xcassets in Resources */ = {isa = PBXBuildFile; fileRef = 9CD1B1A9234A7727003A4953 /* Assets.xcassets */; };
		9CD1B1AD234A7727003A4953 /* LaunchScreen.storyboard in Resources */ = {isa = PBXBuildFile; fileRef = 9CD1B1AB234A7727003A4953 /* LaunchScreen.storyboard */; };
/* End PBXBuildFile section */

/* Begin PBXFileReference section */
		9CD1B19D234A7725003A4953 /* Dark Sky Weather.app */ = {isa = PBXFileReference; explicitFileType = wrapper.application; includeInIndex = 0; path = "Dark Sky Weather.app"; sourceTree = BUILT_PRODUCTS_DIR; };
		9CD1B1A0234A7725003A4953 /* AppDelegate.swift */ = {isa = PBXFileReference; lastKnownFileType = sourcecode.swift; path = AppDelegate.swift; sourceTree = "<group>"; };
		9CD1B1A2234A7725003A4953 /* SceneDelegate.swift */ = {isa = PBXFileReference; lastKnownFileType = sourcecode.swift; path = SceneDelegate.swift; sourceTree = "<group>"; };
		9CD1B1A4234A7725003A4953 /* ViewController.swift */ = {isa = PBXFileReference; lastKnownFileType = sourcecode.swift; path = ViewController.swift; sourceTree = "<group>"; };
		9CD1B1A7234A7725003A4953 /* Base */ = {isa = PBXFileReference; lastKnownFileType = file.storyboard; name = Base; path = Base.lproj/Main.storyboard; sourceTree = "<group>"; };
		9CD1B1A9234A7727003A4953 /* Assets.xcassets */ = {isa = PBXFileReference; lastKnownFileType = folder.assetcatalog; path = Assets.xcassets; sourceTree = "<group>"; };
		9CD1B1AC234A7727003A4953 /* Base */ = {isa = PBXFileReference; lastKnownFileType = file.storyboard; name = Base; path = Base.lproj/LaunchScreen.storyboard; sourceTree = "<group>"; };
		9CD1B1AE234A7727003A4953 /* Info.plist */ = {isa = PBXFileReference; lastKnownFileType = text.plist.xml; path = Info.plist; sourceTree = "<group>"; };
/* End PBXFileReference section */

/* Begin PBXFrameworksBuildPhase section */
		9CD1B19A234A7725003A4953 /* Frameworks */ = {
			isa = PBXFrameworksBuildPhase;
			buildActionMask = 2147483647;
			files = (
			);
			runOnlyForDeploymentPostprocessing = 0;
		};
/* End PBXFrameworksBuildPhase section */

/* Begin PBXGroup section */
		9CD1B194234A7725003A4953 = {
			isa = PBXGroup;
			children = (
				9CD1B19F234A7725003A4953 /* Dark Sky Weather */,
				9CD1B19E234A7725003A4953 /* Products */,
			);
			sourceTree = "<group>";
		};
		9CD1B19E234A7725003A4953 /* Products */ = {
			isa = PBXGroup;
			children = (
				9CD1B19D234A7725003A4953 /* Dark Sky Weather.app */,
			);
			name = Products;
			sourceTree = "<group>";
		};
		9CD1B19F234A7725003A4953 /* Dark Sky Weather */ = {
			isa = PBXGroup;
			children = (
				9CD1B1A0234A7725003A4953 /* AppDelegate.swift */,
				9CD1B1A2234A7725003A4953 /* SceneDelegate.swift */,
				9CD1B1A4234A7725003A4953 /* ViewController.swift */,
				9CD1B1A6234A7725003A4953 /* Main.storyboard */,
				9CD1B1A9234A7727003A4953 /* Assets.xcassets */,
				9CD1B1AB234A7727003A4953 /* LaunchScreen.storyboard */,
				9CD1B1AE234A7727003A4953 /* Info.plist */,
			);
			path = "Dark Sky Weather";
			sourceTree = "<group>";
		};
/* End PBXGroup section */

/* Begin PBXNativeTarget section */
		9CD1B19C234A7725003A4953 /* Dark Sky Weather */ = {
			isa = PBXNativeTarget;
			buildConfigurationList = 9CD1B1B1234A7727003A4953 /* Build configuration list for PBXNativeTarget "Dark Sky Weather" */;
			buildPhases = (
				9CD1B199234A7725003A4953 /* Sources */,
				9CD1B19A234A7725003A4953 /* Frameworks */,
				9CD1B19B234A7725003A4953 /* Resources */,
			);
			buildRules = (
			);
			dependencies = (
			);
			name = "Dark Sky Weather";
			productName = "Dark Sky Weather";
			productReference = 9CD1B19D234A7725003A4953 /* Dark Sky Weather.app */;
			productType = "com.apple.product-type.application";
		};
/* End PBXNativeTarget section */

/* Begin PBXProject section */
		9CD1B195234A7725003A4953 /* Project object */ = {
			isa = PBXProject;
			attributes = {
				LastSwiftUpdateCheck = 1100;
				LastUpgradeCheck = 1100;
				ORGANIZATIONNAME = "Roman Rosenast";
				TargetAttributes = {
					9CD1B19C234A7725003A4953 = {
						CreatedOnToolsVersion = 11.0;
					};
				};
			};
			buildConfigurationList = 9CD1B198234A7725003A4953 /* Build configuration list for PBXProject "Dark Sky Weather" */;
			compatibilityVersion = "Xcode 9.3";
			developmentRegion = en;
			hasScannedForEncodings = 0;
			knownRegions = (
				en,
				Base,
			);
			mainGroup = 9CD1B194234A7725003A4953;
			productRefGroup = 9CD1B19E234A7725003A4953 /* Products */;
			projectDirPath = "";
			projectRoot = "";
			targets = (
				9CD1B19C234A7725003A4953 /* Dark Sky Weather */,
			);
		};
/* End PBXProject section */

/* Begin PBXResourcesBuildPhase section */
		9CD1B19B234A7725003A4953 /* Resources */ = {
			isa = PBXResourcesBuildPhase;
			buildActionMask = 2147483647;
			files = (
				9CD1B1AD234A7727003A4953 /* LaunchScreen.storyboard in Resources */,
				9CD1B1AA234A7727003A4953 /* Assets.xcassets in Resources */,
				9CD1B1A8234A7725003A4953 /* Main.storyboard in Resources */,
			);
			runOnlyForDeploymentPostprocessing = 0;
		};
/* End PBXResourcesBuildPhase section */

/* Begin PBXSourcesBuildPhase section */
		9CD1B199234A7725003A4953 /* Sources */ = {
			isa = PBXSourcesBuildPhase;
			buildActionMask = 2147483647;
			files = (
				9CD1B1A5234A7725003A4953 /* ViewController.swift in Sources */,
				9CD1B1A1234A7725003A4953 /* AppDelegate.swift in Sources */,
				9CD1B1A3234A7725003A4953 /* SceneDelegate.swift in Sources */,
			);
			runOnlyForDeploymentPostprocessing = 0;
		};
/* End PBXSourcesBuildPhase section */

/* Begin PBXVariantGroup section */
		9CD1B1A6234A7725003A4953 /* Main.storyboard */ = {
			isa = PBXVariantGroup;
			children = (
				9CD1B1A7234A7725003A4953 /* Base */,
			);
			name = Main.storyboard;
			sourceTree = "<group>";
		};
		9CD1B1AB234A7727003A4953 /* LaunchScreen.storyboard */ = {
			isa = PBXVariantGroup;
			children = (
				9CD1B1AC234A7727003A4953 /* Base */,
			);
			name = LaunchScreen.storyboard;
			sourceTree = "<group>";
		};
/* End PBXVariantGroup section */

/* Begin XCBuildConfiguration section */
		9CD1B1AF234A7727003A4953 /* Debug */ = {
			isa = XCBuildConfiguration;
			buildSettings = {
				ALWAYS_SEARCH_USER_PATHS = NO;
				CLANG_ANALYZER_NONNULL = YES;
				CLANG_ANALYZER_NUMBER_OBJECT_CONVERSION = YES_AGGRESSIVE;
				CLANG_CXX_LANGUAGE_STANDARD = "gnu++14";
				CLANG_CXX_LIBRARY = "libc++";
				CLANG_ENABLE_MODULES = YES;
				CLANG_ENABLE_OBJC_ARC = YES;
				CLANG_ENABLE_OBJC_WEAK = YES;
				CLANG_WARN_BLOCK_CAPTURE_AUTORELEASING = YES;
				CLANG_WARN_BOOL_CONVERSION = YES;
				CLANG_WARN_COMMA = YES;
				CLANG_WARN_CONSTANT_CONVERSION = YES;
				CLANG_WARN_DEPRECATED_OBJC_IMPLEMENTATIONS = YES;
				CLANG_WARN_DIRECT_OBJC_ISA_USAGE = YES_ERROR;
				CLANG_WARN_DOCUMENTATION_COMMENTS = YES;
				CLANG_WARN_EMPTY_BODY = YES;
				CLANG_WARN_ENUM_CONVERSION = YES;
				CLANG_WARN_INFINITE_RECURSION = YES;
				CLANG_WARN_INT_CONVERSION = YES;
				CLANG_WARN_NON_LITERAL_NULL_CONVERSION = YES;
				CLANG_WARN_OBJC_IMPLICIT_RETAIN_SELF = YES;
				CLANG_WARN_OBJC_LITERAL_CONVERSION = YES;
				CLANG_WARN_OBJC_ROOT_CLASS = YES_ERROR;
				CLANG_WARN_RANGE_LOOP_ANALYSIS = YES;
				CLANG_WARN_STRICT_PROTOTYPES = YES;
				CLANG_WARN_SUSPICIOUS_MOVE = YES;
				CLANG_WARN_UNGUARDED_AVAILABILITY = YES_AGGRESSIVE;
				CLANG_WARN_UNREACHABLE_CODE = YES;
				CLANG_WARN__DUPLICATE_METHOD_MATCH = YES;
				COPY_PHASE_STRIP = NO;
				DEBUG_INFORMATION_FORMAT = dwarf;
				ENABLE_STRICT_OBJC_MSGSEND = YES;
				ENABLE_TESTABILITY = YES;
				GCC_C_LANGUAGE_STANDARD = gnu11;
				GCC_DYNAMIC_NO_PIC = NO;
				GCC_NO_COMMON_BLOCKS = YES;
				GCC_OPTIMIZATION_LEVEL = 0;
				GCC_PREPROCESSOR_DEFINITIONS = (
					"DEBUG=1",
					"$(inherited)",
				);
				GCC_WARN_64_TO_32_BIT_CONVERSION = YES;
				GCC_WARN_ABOUT_RETURN_TYPE = YES_ERROR;
				GCC_WARN_UNDECLARED_SELECTOR = YES;
				GCC_WARN_UNINITIALIZED_AUTOS = YES_AGGRESSIVE;
				GCC_WARN_UNUSED_FUNCTION = YES;
				GCC_WARN_UNUSED_VARIABLE = YES;
				IPHONEOS_DEPLOYMENT_TARGET = 13.0;
				MTL_ENABLE_DEBUG_INFO = INCLUDE_SOURCE;
				MTL_FAST_MATH = YES;
				ONLY_ACTIVE_ARCH = YES;
				SDKROOT = iphoneos;
				SWIFT_ACTIVE_COMPILATION_CONDITIONS = DEBUG;
				SWIFT_OPTIMIZATION_LEVEL = "-Onone";
			};
			name = Debug;
		};
		9CD1B1B0234A7727003A4953 /* Release */ = {
			isa = XCBuildConfiguration;
			buildSettings = {
				ALWAYS_SEARCH_USER_PATHS = NO;
				CLANG_ANALYZER_NONNULL = YES;
				CLANG_ANALYZER_NUMBER_OBJECT_CONVERSION = YES_AGGRESSIVE;
				CLANG_CXX_LANGUAGE_STANDARD = "gnu++14";
				CLANG_CXX_LIBRARY = "libc++";
				CLANG_ENABLE_MODULES = YES;
				CLANG_ENABLE_OBJC_ARC = YES;
				CLANG_ENABLE_OBJC_WEAK = YES;
				CLANG_WARN_BLOCK_CAPTURE_AUTORELEASING = YES;
				CLANG_WARN_BOOL_CONVERSION = YES;
				CLANG_WARN_COMMA = YES;
				CLANG_WARN_CONSTANT_CONVERSION = YES;
				CLANG_WARN_DEPRECATED_OBJC_IMPLEMENTATIONS = YES;
				CLANG_WARN_DIRECT_OBJC_ISA_USAGE = YES_ERROR;
				CLANG_WARN_DOCUMENTATION_COMMENTS = YES;
				CLANG_WARN_EMPTY_BODY = YES;
				CLANG_WARN_ENUM_CONVERSION = YES;
				CLANG_WARN_INFINITE_RECURSION = YES;
				CLANG_WARN_INT_CONVERSION = YES;
				CLANG_WARN_NON_LITERAL_NULL_CONVERSION = YES;
				CLANG_WARN_OBJC_IMPLICIT_RETAIN_SELF = YES;
				CLANG_WARN_OBJC_LITERAL_CONVERSION = YES;
				CLANG_WARN_OBJC_ROOT_CLASS = YES_ERROR;
				CLANG_WARN_RANGE_LOOP_ANALYSIS = YES;
				CLANG_WARN_STRICT_PROTOTYPES = YES;
				CLANG_WARN_SUSPICIOUS_MOVE = YES;
				CLANG_WARN_UNGUARDED_AVAILABILITY = YES_AGGRESSIVE;
				CLANG_WARN_UNREACHABLE_CODE = YES;
				CLANG_WARN__DUPLICATE_METHOD_MATCH = YES;
				COPY_PHASE_STRIP = NO;
				DEBUG_INFORMATION_FORMAT = "dwarf-with-dsym";
				ENABLE_NS_ASSERTIONS = NO;
				ENABLE_STRICT_OBJC_MSGSEND = YES;
				GCC_C_LANGUAGE_STANDARD = gnu11;
				GCC_NO_COMMON_BLOCKS = YES;
				GCC_WARN_64_TO_32_BIT_CONVERSION = YES;
				GCC_WARN_ABOUT_RETURN_TYPE = YES_ERROR;
				GCC_WARN_UNDECLARED_SELECTOR = YES;
				GCC_WARN_UNINITIALIZED_AUTOS = YES_AGGRESSIVE;
				GCC_WARN_UNUSED_FUNCTION = YES;
				GCC_WARN_UNUSED_VARIABLE = YES;
				IPHONEOS_DEPLOYMENT_TARGET = 13.0;
				MTL_ENABLE_DEBUG_INFO = NO;
				MTL_FAST_MATH = YES;
				SDKROOT = iphoneos;
				SWIFT_COMPILATION_MODE = wholemodule;
				SWIFT_OPTIMIZATION_LEVEL = "-O";
				VALIDATE_PRODUCT = YES;
			};
			name = Release;
		};
		9CD1B1B2234A7727003A4953 /* Debug */ = {
			isa = XCBuildConfiguration;
			buildSettings = {
				ASSETCATALOG_COMPILER_APPICON_NAME = AppIcon;
				CODE_SIGN_STYLE = Automatic;
				DEVELOPMENT_TEAM = S8SKFZ35DU;
				INFOPLIST_FILE = "Dark Sky Weather/Info.plist";
				LD_RUNPATH_SEARCH_PATHS = (
					"$(inherited)",
					"@executable_path/Frameworks",
				);
				PRODUCT_BUNDLE_IDENTIFIER = "com.romanrosenast.Dark-Sky-Weather";
				PRODUCT_NAME = "$(TARGET_NAME)";
				SWIFT_VERSION = 5.0;
				TARGETED_DEVICE_FAMILY = "1,2";
			};
			name = Debug;
		};
		9CD1B1B3234A7727003A4953 /* Release */ = {
			isa = XCBuildConfiguration;
			buildSettings = {
				ASSETCATALOG_COMPILER_APPICON_NAME = AppIcon;
				CODE_SIGN_STYLE = Automatic;
				DEVELOPMENT_TEAM = S8SKFZ35DU;
				INFOPLIST_FILE = "Dark Sky Weather/Info.plist";
				LD_RUNPATH_SEARCH_PATHS = (
					"$(inherited)",
					"@executable_path/Frameworks",
				);
				PRODUCT_BUNDLE_IDENTIFIER = "com.romanrosenast.Dark-Sky-Weather";
				PRODUCT_NAME = "$(TARGET_NAME)";
				SWIFT_VERSION = 5.0;
				TARGETED_DEVICE_FAMILY = "1,2";
			};
			name = Release;
		};
/* End XCBuildConfiguration section */

/* Begin XCConfigurationList section */
		9CD1B198234A7725003A4953 /* Build configuration list for PBXProject "Dark Sky Weather" */ = {
			isa = XCConfigurationList;
			buildConfigurations = (
				9CD1B1AF234A7727003A4953 /* Debug */,
				9CD1B1B0234A7727003A4953 /* Release */,
			);
			defaultConfigurationIsVisible = 0;
			defaultConfigurationName = Release;
		};
		9CD1B1B1234A7727003A4953 /* Build configuration list for PBXNativeTarget "Dark Sky Weather" */ = {
			isa = XCConfigurationList;
			buildConfigurations = (
				9CD1B1B2234A7727003A4953 /* Debug */,
				9CD1B1B3234A7727003A4953 /* Release */,
			);
			defaultConfigurationIsVisible = 0;
			defaultConfigurationName = Release;
		};
/* End XCConfigurationList section */
	};
	rootObject = 9CD1B195234A7725003A4953 /* Project object */;
}
